
Microsoft Visual Studio Solution File, Format Version 12.00
# Visual Studio Version 17
VisualStudioVersion = 17.13.35919.96
MinimumVisualStudioVersion = 10.0.40219.1
Project("{2150E333-8FDC-42A3-9474-1A3956D46DE8}") = "01", "01", "{02EA681E-C7D8-13C7-8484-4AC65E1B71E8}"
EndProject
Project("{FAE04EC0-301F-11D3-BF4B-00C04F79EFBC}") = "par-impar", "par-impar\par-impar.csproj", "{358C2760-44F9-4FFE-94AF-679A02967AA1}"
EndProject
Project("{2150E333-8FDC-42A3-9474-1A3956D46DE8}") = "02", "02", "{4388B3F5-330B-455B-94F1-AB0C87B391CF}"
EndProject
Project("{FAE04EC0-301F-11D3-BF4B-00C04F79EFBC}") = "Numero_mayor", "Numero_mayor\Numero_mayor.csproj", "{BBF9702E-C27E-4529-9898-CB653C0E25B8}"
EndProject
Project("{2150E333-8FDC-42A3-9474-1A3956D46DE8}") = "03", "03", "{A7F70278-F362-4BBE-8D6F-E8CAC6C2049D}"
EndProject
Project("{FAE04EC0-301F-11D3-BF4B-00C04F79EFBC}") = "orden_tresnumeros", "orden_tresnumeros\orden_tresnumeros.csproj", "{28AA2477-EE56-4C90-97BF-63D7BE2BD3BF}"
EndProject
Project("{2150E333-8FDC-42A3-9474-1A3956D46DE8}") = "04", "04", "{F8D1B960-6BB0-4FCD-B715-463255E30B56}"
EndProject
Project("{FAE04EC0-301F-11D3-BF4B-00C04F79EFBC}") = "múltiplos", "múltiplos\múltiplos.csproj", "{447A8E7D-A8A7-47DE-85B7-3AD73F06AF67}"
EndProject
Project("{2150E333-8FDC-42A3-9474-1A3956D46DE8}") = "05", "05", "{31C21E7A-7E0D-4C67-A8B4-1B9D8E5AB34B}"
EndProject
Project("{FAE04EC0-301F-11D3-BF4B-00C04F79EFBC}") = "Año_biciesto", "Año_biciesto\Año_biciesto.csproj", "{2ED8826C-E062-49FF-8D2D-F5AFBC82B622}"
EndProject
Project("{2150E333-8FDC-42A3-9474-1A3956D46DE8}") = "06", "06", "{D1D20C55-5493-4DE4-90ED-816789D4D7BA}"
EndProject
Project("{FAE04EC0-301F-11D3-BF4B-00C04F79EFBC}") = "Nomina_sencilla", "Nomina_sencilla\Nomina_sencilla.csproj", "{055C0D29-B8C9-4ED4-8ED6-919D7113A163}"
EndProject
Global
	GlobalSection(SolutionConfigurationPlatforms) = preSolution
		Debug|Any CPU = Debug|Any CPU
		Release|Any CPU = Release|Any CPU
	EndGlobalSection
	GlobalSection(ProjectConfigurationPlatforms) = postSolution
		{358C2760-44F9-4FFE-94AF-679A02967AA1}.Debug|Any CPU.ActiveCfg = Debug|Any CPU
		{358C2760-44F9-4FFE-94AF-679A02967AA1}.Debug|Any CPU.Build.0 = Debug|Any CPU
		{358C2760-44F9-4FFE-94AF-679A02967AA1}.Release|Any CPU.ActiveCfg = Release|Any CPU
		{358C2760-44F9-4FFE-94AF-679A02967AA1}.Release|Any CPU.Build.0 = Release|Any CPU
		{BBF9702E-C27E-4529-9898-CB653C0E25B8}.Debug|Any CPU.ActiveCfg = Debug|Any CPU
		{BBF9702E-C27E-4529-9898-CB653C0E25B8}.Debug|Any CPU.Build.0 = Debug|Any CPU
		{BBF9702E-C27E-4529-9898-CB653C0E25B8}.Release|Any CPU.ActiveCfg = Release|Any CPU
		{BBF9702E-C27E-4529-9898-CB653C0E25B8}.Release|Any CPU.Build.0 = Release|Any CPU
		{28AA2477-EE56-4C90-97BF-63D7BE2BD3BF}.Debug|Any CPU.ActiveCfg = Debug|Any CPU
		{28AA2477-EE56-4C90-97BF-63D7BE2BD3BF}.Debug|Any CPU.Build.0 = Debug|Any CPU
		{28AA2477-EE56-4C90-97BF-63D7BE2BD3BF}.Release|Any CPU.ActiveCfg = Release|Any CPU
		{28AA2477-EE56-4C90-97BF-63D7BE2BD3BF}.Release|Any CPU.Build.0 = Release|Any CPU
		{447A8E7D-A8A7-47DE-85B7-3AD73F06AF67}.Debug|Any CPU.ActiveCfg = Debug|Any CPU
		{447A8E7D-A8A7-47DE-85B7-3AD73F06AF67}.Debug|Any CPU.Build.0 = Debug|Any CPU
		{447A8E7D-A8A7-47DE-85B7-3AD73F06AF67}.Release|Any CPU.ActiveCfg = Release|Any CPU
		{447A8E7D-A8A7-47DE-85B7-3AD73F06AF67}.Release|Any CPU.Build.0 = Release|Any CPU
		{2ED8826C-E062-49FF-8D2D-F5AFBC82B622}.Debug|Any CPU.ActiveCfg = Debug|Any CPU
		{2ED8826C-E062-49FF-8D2D-F5AFBC82B622}.Debug|Any CPU.Build.0 = Debug|Any CPU
		{2ED8826C-E062-49FF-8D2D-F5AFBC82B622}.Release|Any CPU.ActiveCfg = Release|Any CPU
		{2ED8826C-E062-49FF-8D2D-F5AFBC82B622}.Release|Any CPU.Build.0 = Release|Any CPU
		{055C0D29-B8C9-4ED4-8ED6-919D7113A163}.Debug|Any CPU.ActiveCfg = Debug|Any CPU
		{055C0D29-B8C9-4ED4-8ED6-919D7113A163}.Debug|Any CPU.Build.0 = Debug|Any CPU
		{055C0D29-B8C9-4ED4-8ED6-919D7113A163}.Release|Any CPU.ActiveCfg = Release|Any CPU
		{055C0D29-B8C9-4ED4-8ED6-919D7113A163}.Release|Any CPU.Build.0 = Release|Any CPU
	EndGlobalSection
	GlobalSection(SolutionProperties) = preSolution
		HideSolutionNode = FALSE
	EndGlobalSection
	GlobalSection(NestedProjects) = preSolution
		{358C2760-44F9-4FFE-94AF-679A02967AA1} = {02EA681E-C7D8-13C7-8484-4AC65E1B71E8}
		{BBF9702E-C27E-4529-9898-CB653C0E25B8} = {4388B3F5-330B-455B-94F1-AB0C87B391CF}
		{28AA2477-EE56-4C90-97BF-63D7BE2BD3BF} = {A7F70278-F362-4BBE-8D6F-E8CAC6C2049D}
		{447A8E7D-A8A7-47DE-85B7-3AD73F06AF67} = {F8D1B960-6BB0-4FCD-B715-463255E30B56}
		{2ED8826C-E062-49FF-8D2D-F5AFBC82B622} = {31C21E7A-7E0D-4C67-A8B4-1B9D8E5AB34B}
		{055C0D29-B8C9-4ED4-8ED6-919D7113A163} = {D1D20C55-5493-4DE4-90ED-816789D4D7BA}
	EndGlobalSection
	GlobalSection(ExtensibilityGlobals) = postSolution
		SolutionGuid = {37065861-7BDA-4E13-8CCB-647BDD6D7618}
	EndGlobalSection
EndGlobal
